
Microsoft Visual Studio Solution File, Format Version 12.00
# Visual Studio 15
VisualStudioVersion = 15.0.28307.572
MinimumVisualStudioVersion = 10.0.40219.1
Project("{8BC9CEB8-8B4A-11D0-8D11-00A0C91BC942}") = "MyVector", "MyVector\MyVector.vcxproj", "{EE0D48EB-825D-422C-8F8B-FEF6D32B5D43}"
EndProject
Global
	GlobalSection(SolutionConfigurationPlatforms) = preSolution
		Debug|x64 = Debug|x64
		Debug|x86 = Debug|x86
		Release|x64 = Release|x64
		Release|x86 = Release|x86
	EndGlobalSection
	GlobalSection(ProjectConfigurationPlatforms) = postSolution
		{EE0D48EB-825D-422C-8F8B-FEF6D32B5D43}.Debug|x64.ActiveCfg = Debug|x64
		{EE0D48EB-825D-422C-8F8B-FEF6D32B5D43}.Debug|x64.Build.0 = Debug|x64
		{EE0D48EB-825D-422C-8F8B-FEF6D32B5D43}.Debug|x86.ActiveCfg = Debug|Win32
		{EE0D48EB-825D-422C-8F8B-FEF6D32B5D43}.Debug|x86.Build.0 = Debug|Win32
		{EE0D48EB-825D-422C-8F8B-FEF6D32B5D43}.Release|x64.ActiveCfg = Release|x64
		{EE0D48EB-825D-422C-8F8B-FEF6D32B5D43}.Release|x64.Build.0 = Release|x64
		{EE0D48EB-825D-422C-8F8B-FEF6D32B5D43}.Release|x86.ActiveCfg = Release|Win32
		{EE0D48EB-825D-422C-8F8B-FEF6D32B5D43}.Release|x86.Build.0 = Release|Win32
	EndGlobalSection
	GlobalSection(SolutionProperties) = preSolution
		HideSolutionNode = FALSE
	EndGlobalSection
	GlobalSection(ExtensibilityGlobals) = postSolution
		SolutionGuid = {ED3FAB30-C211-497C-8FB9-0B4ED0761F5C}
	EndGlobalSection
EndGlobal
